{
  "lockfile_version": "1",
  "packages": {
    "github:NixOS/nixpkgs/nixpkgs-unstable": {
      "resolved": "github:NixOS/nixpkgs/b1b43d32be000928cc71250ed77f4a0a5f2bc23a?lastModified=1739698114&narHash=sha256-8S9n69Dnpg8DhfFlP0YvMGmSOY2X4kImGSPWXYNpaHM%3D"
    },
    "glibcLocales@latest": {
      "last_modified": "2025-02-07T11:26:36Z",
      "resolved": "github:NixOS/nixpkgs/d98abf5cf5914e5e4e9d57205e3af55ca90ffc1d#glibcLocales",
      "source": "devbox-search",
      "version": "2.40-66",
      "systems": {
        "aarch64-linux": {
          "outputs": [
            {
              "name": "out",
              "path": "/nix/store/msl6h7i0mgzayw4icb58hccfkh9672bl-glibc-locales-2.40-66",
              "default": true
            }
          ],
          "store_path": "/nix/store/msl6h7i0mgzayw4icb58hccfkh9672bl-glibc-locales-2.40-66"
        },
        "x86_64-linux": {
          "outputs": [
            {
              "name": "out",
              "path": "/nix/store/p1fn0y9zbq7fng8cn49cvinqqh47slax-glibc-locales-2.40-66",
              "default": true
            }
          ],
          "store_path": "/nix/store/p1fn0y9zbq7fng8cn49cvinqqh47slax-glibc-locales-2.40-66"
        }
      }
    },
    "go-task@latest": {
      "last_modified": "2025-02-07T11:26:36Z",
      "resolved": "github:NixOS/nixpkgs/d98abf5cf5914e5e4e9d57205e3af55ca90ffc1d#go-task",
      "source": "devbox-search",
      "version": "3.41.0",
      "systems": {
        "aarch64-darwin": {
          "outputs": [
            {
              "name": "out",
              "path": "/nix/store/m0zc229zl4nfi9800dvxikyp31davmgl-go-task-3.41.0",
              "default": true
            }
          ],
          "store_path": "/nix/store/m0zc229zl4nfi9800dvxikyp31davmgl-go-task-3.41.0"
        },
        "aarch64-linux": {
          "outputs": [
            {
              "name": "out",
              "path": "/nix/store/3yg6irq9bdr34krjp0nbrrpd8gzfr4ag-go-task-3.41.0",
              "default": true
            }
          ],
          "store_path": "/nix/store/3yg6irq9bdr34krjp0nbrrpd8gzfr4ag-go-task-3.41.0"
        },
        "x86_64-darwin": {
          "outputs": [
            {
              "name": "out",
              "path": "/nix/store/25wclmb70pbw6z5a9lhf8xnl7rsf7vap-go-task-3.41.0",
              "default": true
            }
          ],
          "store_path": "/nix/store/25wclmb70pbw6z5a9lhf8xnl7rsf7vap-go-task-3.41.0"
        },
        "x86_64-linux": {
          "outputs": [
            {
              "name": "out",
              "path": "/nix/store/jn35gb9isnqzr9mfwhmig40c6iflmadz-go-task-3.41.0",
              "default": true
            }
          ],
          "store_path": "/nix/store/jn35gb9isnqzr9mfwhmig40c6iflmadz-go-task-3.41.0"
        }
      }
    },
    "go@latest": {
      "last_modified": "2025-02-12T00:10:52Z",
      "resolved": "github:NixOS/nixpkgs/83a2581c81ff5b06f7c1a4e7cc736a455dfcf7b4#go_1_24",
      "source": "devbox-search",
      "version": "1.24.0",
      "systems": {
        "aarch64-darwin": {
          "outputs": [
            {
              "name": "out",
              "path": "/nix/store/qldcnifalkvyah0wnv7m4zb854yd9l88-go-1.24.0",
              "default": true
            }
          ],
          "store_path": "/nix/store/qldcnifalkvyah0wnv7m4zb854yd9l88-go-1.24.0"
        },
        "aarch64-linux": {
          "outputs": [
            {
              "name": "out",
              "path": "/nix/store/rrxgml7w4pfmibjbspkdvrw8vd2vnarb-go-1.24.0",
              "default": true
            }
          ],
          "store_path": "/nix/store/rrxgml7w4pfmibjbspkdvrw8vd2vnarb-go-1.24.0"
        },
        "x86_64-darwin": {
          "outputs": [
            {
              "name": "out",
              "path": "/nix/store/7imv22pl4qrjwvi6jzlfb305rc2min45-go-1.24.0",
              "default": true
            }
          ],
          "store_path": "/nix/store/7imv22pl4qrjwvi6jzlfb305rc2min45-go-1.24.0"
        },
        "x86_64-linux": {
          "outputs": [
            {
              "name": "out",
              "path": "/nix/store/vh5d5bj1sljdhdypy80x1ydx2jx6rv2q-go-1.24.0",
              "default": true
            }
          ],
          "store_path": "/nix/store/vh5d5bj1sljdhdypy80x1ydx2jx6rv2q-go-1.24.0"
        }
      }
    },
    "gofumpt@latest": {
      "last_modified": "2025-02-07T11:26:36Z",
      "resolved": "github:NixOS/nixpkgs/d98abf5cf5914e5e4e9d57205e3af55ca90ffc1d#gofumpt",
      "source": "devbox-search",
      "version": "0.7.0",
      "systems": {
        "aarch64-darwin": {
          "outputs": [
            {
              "name": "out",
              "path": "/nix/store/675xw4ak12yjrdqdh1a7ir190irrckai-gofumpt-0.7.0",
              "default": true
            }
          ],
          "store_path": "/nix/store/675xw4ak12yjrdqdh1a7ir190irrckai-gofumpt-0.7.0"
        },
        "aarch64-linux": {
          "outputs": [
            {
              "name": "out",
              "path": "/nix/store/6k117ys4vrd1699a6168smbz1i2ka8s0-gofumpt-0.7.0",
              "default": true
            }
          ],
          "store_path": "/nix/store/6k117ys4vrd1699a6168smbz1i2ka8s0-gofumpt-0.7.0"
        },
        "x86_64-darwin": {
          "outputs": [
            {
              "name": "out",
              "path": "/nix/store/08k254mr11ffryvv42n29nvhmkcxmnql-gofumpt-0.7.0",
              "default": true
            }
          ],
          "store_path": "/nix/store/08k254mr11ffryvv42n29nvhmkcxmnql-gofumpt-0.7.0"
        },
        "x86_64-linux": {
          "outputs": [
            {
              "name": "out",
              "path": "/nix/store/m64p14qm2xr45a36g6c4p1isw340am77-gofumpt-0.7.0",
              "default": true
            }
          ],
          "store_path": "/nix/store/m64p14qm2xr45a36g6c4p1isw340am77-gofumpt-0.7.0"
        }
      }
    },
    "golangci-lint@latest": {
      "last_modified": "2025-02-14T06:00:41Z",
      "resolved": "github:NixOS/nixpkgs/fada727ee7c0bd487e311dede0a2b0725a0f7765#golangci-lint",
      "source": "devbox-search",
      "version": "1.64.4",
      "systems": {
        "aarch64-darwin": {
          "outputs": [
            {
              "name": "out",
              "path": "/nix/store/bkr8ci8dx0ly9x1fpbd5j5grg7m1cshk-golangci-lint-1.64.4",
              "default": true
            }
          ],
          "store_path": "/nix/store/bkr8ci8dx0ly9x1fpbd5j5grg7m1cshk-golangci-lint-1.64.4"
        },
        "aarch64-linux": {
          "outputs": [
            {
              "name": "out",
              "path": "/nix/store/28cismn6xhr01p8larm05g01nlinm9gx-golangci-lint-1.64.4",
              "default": true
            }
          ],
          "store_path": "/nix/store/28cismn6xhr01p8larm05g01nlinm9gx-golangci-lint-1.64.4"
        },
        "x86_64-darwin": {
          "outputs": [
            {
              "name": "out",
              "path": "/nix/store/831s0i15adpsirb5rv2yvdbng0z0d2br-golangci-lint-1.64.4",
              "default": true
            }
          ],
          "store_path": "/nix/store/831s0i15adpsirb5rv2yvdbng0z0d2br-golangci-lint-1.64.4"
        },
        "x86_64-linux": {
          "outputs": [
            {
              "name": "out",
              "path": "/nix/store/mpl65c3g74wjcs68qz4962jjg9va0h7j-golangci-lint-1.64.4",
              "default": true
            }
          ],
          "store_path": "/nix/store/mpl65c3g74wjcs68qz4962jjg9va0h7j-golangci-lint-1.64.4"
        }
      }
    },
    "goreleaser@latest": {
      "last_modified": "2025-02-12T00:10:52Z",
      "resolved": "github:NixOS/nixpkgs/83a2581c81ff5b06f7c1a4e7cc736a455dfcf7b4#goreleaser",
      "source": "devbox-search",
      "version": "2.7.0",
      "systems": {
        "aarch64-darwin": {
          "outputs": [
            {
              "name": "out",
              "path": "/nix/store/rgp8lyvjd2jc0n1hf8xwlcih2nh58p55-goreleaser-2.7.0",
              "default": true
            }
          ],
          "store_path": "/nix/store/rgp8lyvjd2jc0n1hf8xwlcih2nh58p55-goreleaser-2.7.0"
        },
        "aarch64-linux": {
          "outputs": [
            {
              "name": "out",
              "path": "/nix/store/8qlyfy6cp0s42h7p9qm736ygvkklfy2q-goreleaser-2.7.0",
              "default": true
            }
          ],
          "store_path": "/nix/store/8qlyfy6cp0s42h7p9qm736ygvkklfy2q-goreleaser-2.7.0"
        },
        "x86_64-darwin": {
          "outputs": [
            {
              "name": "out",
              "path": "/nix/store/d329jkjg0dgzi5qzn3xwa5yi6x7z8nm4-goreleaser-2.7.0",
              "default": true
            }
          ],
          "store_path": "/nix/store/d329jkjg0dgzi5qzn3xwa5yi6x7z8nm4-goreleaser-2.7.0"
        },
        "x86_64-linux": {
          "outputs": [
            {
              "name": "out",
              "path": "/nix/store/16dslcqzgwsalmhxz941v2xlvx92nhc5-goreleaser-2.7.0",
              "default": true
            }
          ],
          "store_path": "/nix/store/16dslcqzgwsalmhxz941v2xlvx92nhc5-goreleaser-2.7.0"
        }
      }
    }
  }
}
