{
  "lockfile_version": "1",
  "packages": {
    "github:NixOS/nixpkgs/nixpkgs-unstable": {
      "last_modified": "2025-08-01T14:55:05Z",
      "resolved": "github:NixOS/nixpkgs/e7eabdc701d7dbb810fd91a97ec358caa4c1fc50?lastModified=1754060105&narHash=sha256-di5L6e5Iiv%2BoegS07j9h23FdqEpXn0ZQqMlDOEMw1EY%3D"
    },
    "glibcLocales@latest": {
      "last_modified": "2025-07-13T22:45:35Z",
      "resolved": "github:NixOS/nixpkgs/a421ac6595024edcfbb1ef950a3712b89161c359#glibcLocales",
      "source": "devbox-search",
      "version": "2.40-66",
      "systems": {
        "aarch64-linux": {
          "outputs": [
            {
              "name": "out",
              "path": "/nix/store/wqz9ji7hzfnhg79wz9p7597vp898i9vz-glibc-locales-2.40-66",
              "default": true
            }
          ],
          "store_path": "/nix/store/wqz9ji7hzfnhg79wz9p7597vp898i9vz-glibc-locales-2.40-66"
        },
        "x86_64-linux": {
          "outputs": [
            {
              "name": "out",
              "path": "/nix/store/d7250sbw13rpdrcrcgv6hi6jkyp94m0g-glibc-locales-2.40-66",
              "default": true
            }
          ],
          "store_path": "/nix/store/d7250sbw13rpdrcrcgv6hi6jkyp94m0g-glibc-locales-2.40-66"
        }
      }
    },
    "go-task@latest": {
      "last_modified": "2025-07-13T22:45:35Z",
      "resolved": "github:NixOS/nixpkgs/a421ac6595024edcfbb1ef950a3712b89161c359#go-task",
      "source": "devbox-search",
      "version": "3.44.0",
      "systems": {
        "aarch64-darwin": {
          "outputs": [
            {
              "name": "out",
              "path": "/nix/store/xf4c3z2n3g8j41bh9s0l2pjv4fahdmab-go-task-3.44.0",
              "default": true
            }
          ],
          "store_path": "/nix/store/xf4c3z2n3g8j41bh9s0l2pjv4fahdmab-go-task-3.44.0"
        },
        "aarch64-linux": {
          "outputs": [
            {
              "name": "out",
              "path": "/nix/store/hziv622f7xw9swigq3ylw1lj49dgr4d2-go-task-3.44.0",
              "default": true
            }
          ],
          "store_path": "/nix/store/hziv622f7xw9swigq3ylw1lj49dgr4d2-go-task-3.44.0"
        },
        "x86_64-darwin": {
          "outputs": [
            {
              "name": "out",
              "path": "/nix/store/aafqxhbxvy73v1gpwnnc8bs5icm6nlcg-go-task-3.44.0",
              "default": true
            }
          ],
          "store_path": "/nix/store/aafqxhbxvy73v1gpwnnc8bs5icm6nlcg-go-task-3.44.0"
        },
        "x86_64-linux": {
          "outputs": [
            {
              "name": "out",
              "path": "/nix/store/yvpnz39r66qr57m41c3dfyc3b7mi8y9i-go-task-3.44.0",
              "default": true
            }
          ],
          "store_path": "/nix/store/yvpnz39r66qr57m41c3dfyc3b7mi8y9i-go-task-3.44.0"
        }
      }
    },
    "go@latest": {
      "last_modified": "2025-07-13T22:45:35Z",
      "resolved": "github:NixOS/nixpkgs/a421ac6595024edcfbb1ef950a3712b89161c359#go",
      "source": "devbox-search",
      "version": "1.24.4",
      "systems": {
        "aarch64-darwin": {
          "outputs": [
            {
              "name": "out",
              "path": "/nix/store/f4a0g1p943l61wfvqnpdr73v9bsyfhf2-go-1.24.4",
              "default": true
            }
          ],
          "store_path": "/nix/store/f4a0g1p943l61wfvqnpdr73v9bsyfhf2-go-1.24.4"
        },
        "aarch64-linux": {
          "outputs": [
            {
              "name": "out",
              "path": "/nix/store/mdyik6amglpjs533vk927f9w1qmyw239-go-1.24.4",
              "default": true
            }
          ],
          "store_path": "/nix/store/mdyik6amglpjs533vk927f9w1qmyw239-go-1.24.4"
        },
        "x86_64-darwin": {
          "outputs": [
            {
              "name": "out",
              "path": "/nix/store/b56ngr9p7x6z368w8m7ps95r3x8gdfv7-go-1.24.4",
              "default": true
            }
          ],
          "store_path": "/nix/store/b56ngr9p7x6z368w8m7ps95r3x8gdfv7-go-1.24.4"
        },
        "x86_64-linux": {
          "outputs": [
            {
              "name": "out",
              "path": "/nix/store/xrzqlk92h7z5mz9mlc4a9dyy91n5b68i-go-1.24.4",
              "default": true
            }
          ],
          "store_path": "/nix/store/xrzqlk92h7z5mz9mlc4a9dyy91n5b68i-go-1.24.4"
        }
      }
    },
    "gofumpt@latest": {
      "last_modified": "2025-07-13T22:45:35Z",
      "resolved": "github:NixOS/nixpkgs/a421ac6595024edcfbb1ef950a3712b89161c359#gofumpt",
      "source": "devbox-search",
      "version": "0.8.0",
      "systems": {
        "aarch64-darwin": {
          "outputs": [
            {
              "name": "out",
              "path": "/nix/store/5mvi4yqk1b6zgima04s482jcy2sd5hlf-gofumpt-0.8.0",
              "default": true
            }
          ],
          "store_path": "/nix/store/5mvi4yqk1b6zgima04s482jcy2sd5hlf-gofumpt-0.8.0"
        },
        "aarch64-linux": {
          "outputs": [
            {
              "name": "out",
              "path": "/nix/store/0d213yhsvkbj86jc6q8wxs7rd7cwib7r-gofumpt-0.8.0",
              "default": true
            }
          ],
          "store_path": "/nix/store/0d213yhsvkbj86jc6q8wxs7rd7cwib7r-gofumpt-0.8.0"
        },
        "x86_64-darwin": {
          "outputs": [
            {
              "name": "out",
              "path": "/nix/store/8zvpkhqx2aq7ml9055x5zqyzyfjv8bp8-gofumpt-0.8.0",
              "default": true
            }
          ],
          "store_path": "/nix/store/8zvpkhqx2aq7ml9055x5zqyzyfjv8bp8-gofumpt-0.8.0"
        },
        "x86_64-linux": {
          "outputs": [
            {
              "name": "out",
              "path": "/nix/store/s4gyg9x7kz7xjs4mhpwf37pfmbixmm2k-gofumpt-0.8.0",
              "default": true
            }
          ],
          "store_path": "/nix/store/s4gyg9x7kz7xjs4mhpwf37pfmbixmm2k-gofumpt-0.8.0"
        }
      }
    },
    "golangci-lint@latest": {
      "last_modified": "2025-07-24T15:00:16Z",
      "resolved": "github:NixOS/nixpkgs/b74a30dbc0a72e20df07d43109339f780b439291#golangci-lint",
      "source": "devbox-search",
      "version": "2.3.0",
      "systems": {
        "aarch64-darwin": {
          "outputs": [
            {
              "name": "out",
              "path": "/nix/store/0lb3jkw68ak357vdfikgginixqinq255-golangci-lint-2.3.0",
              "default": true
            }
          ],
          "store_path": "/nix/store/0lb3jkw68ak357vdfikgginixqinq255-golangci-lint-2.3.0"
        },
        "aarch64-linux": {
          "outputs": [
            {
              "name": "out",
              "path": "/nix/store/618pl31148lx6xh7klssg5dixlx5rir8-golangci-lint-2.3.0",
              "default": true
            }
          ],
          "store_path": "/nix/store/618pl31148lx6xh7klssg5dixlx5rir8-golangci-lint-2.3.0"
        },
        "x86_64-darwin": {
          "outputs": [
            {
              "name": "out",
              "path": "/nix/store/d02jzmzngkaqv08ndmh7kw8n4hzjcr6r-golangci-lint-2.3.0",
              "default": true
            }
          ],
          "store_path": "/nix/store/d02jzmzngkaqv08ndmh7kw8n4hzjcr6r-golangci-lint-2.3.0"
        },
        "x86_64-linux": {
          "outputs": [
            {
              "name": "out",
              "path": "/nix/store/5l905mha8wzrxk2n4n7j7ymkc4v112dm-golangci-lint-2.3.0",
              "default": true
            }
          ],
          "store_path": "/nix/store/5l905mha8wzrxk2n4n7j7ymkc4v112dm-golangci-lint-2.3.0"
        }
      }
    },
    "goreleaser@latest": {
      "last_modified": "2025-07-25T08:26:56Z",
      "resolved": "github:NixOS/nixpkgs/6027c30c8e9810896b92429f0092f624f7b1aace#goreleaser",
      "source": "devbox-search",
      "version": "2.11.1",
      "systems": {
        "aarch64-darwin": {
          "outputs": [
            {
              "name": "out",
              "path": "/nix/store/psarpq91107zign7lqdb865fv43r2vpy-goreleaser-2.11.1",
              "default": true
            }
          ],
          "store_path": "/nix/store/psarpq91107zign7lqdb865fv43r2vpy-goreleaser-2.11.1"
        },
        "aarch64-linux": {
          "outputs": [
            {
              "name": "out",
              "path": "/nix/store/k24jdb0jh8i1xagyvj4a9v9z9agia030-goreleaser-2.11.1",
              "default": true
            }
          ],
          "store_path": "/nix/store/k24jdb0jh8i1xagyvj4a9v9z9agia030-goreleaser-2.11.1"
        },
        "x86_64-darwin": {
          "outputs": [
            {
              "name": "out",
              "path": "/nix/store/dpfrxzkjxjfsqs6mc2l6fgn30y382qma-goreleaser-2.11.1",
              "default": true
            }
          ],
          "store_path": "/nix/store/dpfrxzkjxjfsqs6mc2l6fgn30y382qma-goreleaser-2.11.1"
        },
        "x86_64-linux": {
          "outputs": [
            {
              "name": "out",
              "path": "/nix/store/snl8jm6339m7jvyis4aq5ga8d69yh482-goreleaser-2.11.1",
              "default": true
            }
          ],
          "store_path": "/nix/store/snl8jm6339m7jvyis4aq5ga8d69yh482-goreleaser-2.11.1"
        }
      }
    }
  }
}
